
Microsoft Visual Studio Solution File, Format Version 12.00
# Visual Studio Version 17
VisualStudioVersion = 17.3.32929.385
MinimumVisualStudioVersion = 10.0.40219.1
Project("{FAE04EC0-301F-11D3-BF4B-00C04F79EFBC}") = "AutenticationRoleAsp", "AutenticationRoleAsp.csproj", "{AAF9CEAE-419D-4D6D-A38B-76F4C81632DE}"
EndProject
Global
	GlobalSection(SolutionConfigurationPlatforms) = preSolution
		Debug|Any CPU = Debug|Any CPU
		Release|Any CPU = Release|Any CPU
	EndGlobalSection
	GlobalSection(ProjectConfigurationPlatforms) = postSolution
		{AAF9CEAE-419D-4D6D-A38B-76F4C81632DE}.Debug|Any CPU.ActiveCfg = Debug|Any CPU
		{AAF9CEAE-419D-4D6D-A38B-76F4C81632DE}.Debug|Any CPU.Build.0 = Debug|Any CPU
		{AAF9CEAE-419D-4D6D-A38B-76F4C81632DE}.Release|Any CPU.ActiveCfg = Release|Any CPU
		{AAF9CEAE-419D-4D6D-A38B-76F4C81632DE}.Release|Any CPU.Build.0 = Release|Any CPU
	EndGlobalSection
	GlobalSection(SolutionProperties) = preSolution
		HideSolutionNode = FALSE
	EndGlobalSection
	GlobalSection(ExtensibilityGlobals) = postSolution
		SolutionGuid = {5FD918B3-60BC-4A3F-9D6F-5B400A23FB06}
	EndGlobalSection
EndGlobal
